// !$*UTF8*$!
{
	archiveVersion = 1;
	classes = {
	};
	objectVersion = 56;
	objects = {

/* Begin PBXBuildFile section */
		6833147C2AFE948F00243693 /* DataView.swift in Sources */ = {isa = PBXBuildFile; fileRef = 6833147B2AFE948F00243693 /* DataView.swift */; };
		687C217B2AF944FC008444BA /* CPBFirebaseApp.swift in Sources */ = {isa = PBXBuildFile; fileRef = 687C217A2AF944FC008444BA /* CPBFirebaseApp.swift */; };
		687C217D2AF944FC008444BA /* ContentView.swift in Sources */ = {isa = PBXBuildFile; fileRef = 687C217C2AF944FC008444BA /* ContentView.swift */; };
		687C217F2AF94500008444BA /* Assets.xcassets in Resources */ = {isa = PBXBuildFile; fileRef = 687C217E2AF94500008444BA /* Assets.xcassets */; };
		687C21822AF94500008444BA /* Preview Assets.xcassets in Resources */ = {isa = PBXBuildFile; fileRef = 687C21812AF94500008444BA /* Preview Assets.xcassets */; };
		687C218C2AF94501008444BA /* CPBFirebaseTests.swift in Sources */ = {isa = PBXBuildFile; fileRef = 687C218B2AF94501008444BA /* CPBFirebaseTests.swift */; };
		687C21962AF94501008444BA /* CPBFirebaseUITests.swift in Sources */ = {isa = PBXBuildFile; fileRef = 687C21952AF94501008444BA /* CPBFirebaseUITests.swift */; };
		687C21982AF94501008444BA /* CPBFirebaseUITestsLaunchTests.swift in Sources */ = {isa = PBXBuildFile; fileRef = 687C21972AF94501008444BA /* CPBFirebaseUITestsLaunchTests.swift */; };
		687C21A72AF945FB008444BA /* CollegeModel.swift in Sources */ = {isa = PBXBuildFile; fileRef = 687C21A62AF945FB008444BA /* CollegeModel.swift */; };
		687C21A92AF94653008444BA /* CollegeViewmodel.swift in Sources */ = {isa = PBXBuildFile; fileRef = 687C21A82AF94653008444BA /* CollegeViewmodel.swift */; };
		687C21AB2AF946E7008444BA /* GoogleService-Info.plist in Resources */ = {isa = PBXBuildFile; fileRef = 687C21AA2AF946E7008444BA /* GoogleService-Info.plist */; };
		687C21AC2AF946E7008444BA /* GoogleService-Info.plist in Resources */ = {isa = PBXBuildFile; fileRef = 687C21AA2AF946E7008444BA /* GoogleService-Info.plist */; };
		687C21AD2AF946E7008444BA /* GoogleService-Info.plist in Resources */ = {isa = PBXBuildFile; fileRef = 687C21AA2AF946E7008444BA /* GoogleService-Info.plist */; };
		687C21B12AF9483B008444BA /* FirebaseDatabase in Frameworks */ = {isa = PBXBuildFile; productRef = 687C21B02AF9483B008444BA /* FirebaseDatabase */; };
		687C21B32AF9483B008444BA /* FirebaseDatabaseSwift in Frameworks */ = {isa = PBXBuildFile; productRef = 687C21B22AF9483B008444BA /* FirebaseDatabaseSwift */; };
/* End PBXBuildFile section */

/* Begin PBXContainerItemProxy section */
		687C21882AF94501008444BA /* PBXContainerItemProxy */ = {
			isa = PBXContainerItemProxy;
			containerPortal = 687C216F2AF944FC008444BA /* Project object */;
			proxyType = 1;
			remoteGlobalIDString = 687C21762AF944FC008444BA;
			remoteInfo = CPBFirebase;
		};
		687C21922AF94501008444BA /* PBXContainerItemProxy */ = {
			isa = PBXContainerItemProxy;
			containerPortal = 687C216F2AF944FC008444BA /* Project object */;
			proxyType = 1;
			remoteGlobalIDString = 687C21762AF944FC008444BA;
			remoteInfo = CPBFirebase;
		};
/* End PBXContainerItemProxy section */

/* Begin PBXFileReference section */
		6833147B2AFE948F00243693 /* DataView.swift */ = {isa = PBXFileReference; lastKnownFileType = sourcecode.swift; path = DataView.swift; sourceTree = "<group>"; };
		687C21772AF944FC008444BA /* CPBFirebase.app */ = {isa = PBXFileReference; explicitFileType = wrapper.application; includeInIndex = 0; path = CPBFirebase.app; sourceTree = BUILT_PRODUCTS_DIR; };
		687C217A2AF944FC008444BA /* CPBFirebaseApp.swift */ = {isa = PBXFileReference; lastKnownFileType = sourcecode.swift; path = CPBFirebaseApp.swift; sourceTree = "<group>"; };
		687C217C2AF944FC008444BA /* ContentView.swift */ = {isa = PBXFileReference; lastKnownFileType = sourcecode.swift; path = ContentView.swift; sourceTree = "<group>"; };
		687C217E2AF94500008444BA /* Assets.xcassets */ = {isa = PBXFileReference; lastKnownFileType = folder.assetcatalog; path = Assets.xcassets; sourceTree = "<group>"; };
		687C21812AF94500008444BA /* Preview Assets.xcassets */ = {isa = PBXFileReference; lastKnownFileType = folder.assetcatalog; path = "Preview Assets.xcassets"; sourceTree = "<group>"; };
		687C21872AF94501008444BA /* CPBFirebaseTests.xctest */ = {isa = PBXFileReference; explicitFileType = wrapper.cfbundle; includeInIndex = 0; path = CPBFirebaseTests.xctest; sourceTree = BUILT_PRODUCTS_DIR; };
		687C218B2AF94501008444BA /* CPBFirebaseTests.swift */ = {isa = PBXFileReference; lastKnownFileType = sourcecode.swift; path = CPBFirebaseTests.swift; sourceTree = "<group>"; };
		687C21912AF94501008444BA /* CPBFirebaseUITests.xctest */ = {isa = PBXFileReference; explicitFileType = wrapper.cfbundle; includeInIndex = 0; path = CPBFirebaseUITests.xctest; sourceTree = BUILT_PRODUCTS_DIR; };
		687C21952AF94501008444BA /* CPBFirebaseUITests.swift */ = {isa = PBXFileReference; lastKnownFileType = sourcecode.swift; path = CPBFirebaseUITests.swift; sourceTree = "<group>"; };
		687C21972AF94501008444BA /* CPBFirebaseUITestsLaunchTests.swift */ = {isa = PBXFileReference; lastKnownFileType = sourcecode.swift; path = CPBFirebaseUITestsLaunchTests.swift; sourceTree = "<group>"; };
		687C21A62AF945FB008444BA /* CollegeModel.swift */ = {isa = PBXFileReference; lastKnownFileType = sourcecode.swift; path = CollegeModel.swift; sourceTree = "<group>"; };
		687C21A82AF94653008444BA /* CollegeViewmodel.swift */ = {isa = PBXFileReference; lastKnownFileType = sourcecode.swift; path = CollegeViewmodel.swift; sourceTree = "<group>"; };
		687C21AA2AF946E7008444BA /* GoogleService-Info.plist */ = {isa = PBXFileReference; fileEncoding = 4; lastKnownFileType = text.plist.xml; path = "GoogleService-Info.plist"; sourceTree = "<group>"; };
/* End PBXFileReference section */

/* Begin PBXFrameworksBuildPhase section */
		687C21742AF944FC008444BA /* Frameworks */ = {
			isa = PBXFrameworksBuildPhase;
			buildActionMask = 2147483647;
			files = (
				687C21B32AF9483B008444BA /* FirebaseDatabaseSwift in Frameworks */,
				687C21B12AF9483B008444BA /* FirebaseDatabase in Frameworks */,
			);
			runOnlyForDeploymentPostprocessing = 0;
		};
		687C21842AF94501008444BA /* Frameworks */ = {
			isa = PBXFrameworksBuildPhase;
			buildActionMask = 2147483647;
			files = (
			);
			runOnlyForDeploymentPostprocessing = 0;
		};
		687C218E2AF94501008444BA /* Frameworks */ = {
			isa = PBXFrameworksBuildPhase;
			buildActionMask = 2147483647;
			files = (
			);
			runOnlyForDeploymentPostprocessing = 0;
		};
/* End PBXFrameworksBuildPhase section */

/* Begin PBXGroup section */
		687C216E2AF944FC008444BA = {
			isa = PBXGroup;
			children = (
				687C21792AF944FC008444BA /* CPBFirebase */,
				687C218A2AF94501008444BA /* CPBFirebaseTests */,
				687C21942AF94501008444BA /* CPBFirebaseUITests */,
				687C21782AF944FC008444BA /* Products */,
				687C21AF2AF9483B008444BA /* Frameworks */,
			);
			sourceTree = "<group>";
		};
		687C21782AF944FC008444BA /* Products */ = {
			isa = PBXGroup;
			children = (
				687C21772AF944FC008444BA /* CPBFirebase.app */,
				687C21872AF94501008444BA /* CPBFirebaseTests.xctest */,
				687C21912AF94501008444BA /* CPBFirebaseUITests.xctest */,
			);
			name = Products;
			sourceTree = "<group>";
		};
		687C21792AF944FC008444BA /* CPBFirebase */ = {
			isa = PBXGroup;
			children = (
				687C217A2AF944FC008444BA /* CPBFirebaseApp.swift */,
				687C217C2AF944FC008444BA /* ContentView.swift */,
				6833147B2AFE948F00243693 /* DataView.swift */,
				687C21A62AF945FB008444BA /* CollegeModel.swift */,
				687C21A82AF94653008444BA /* CollegeViewmodel.swift */,
				687C21AA2AF946E7008444BA /* GoogleService-Info.plist */,
				687C217E2AF94500008444BA /* Assets.xcassets */,
				687C21802AF94500008444BA /* Preview Content */,
			);
			path = CPBFirebase;
			sourceTree = "<group>";
		};
		687C21802AF94500008444BA /* Preview Content */ = {
			isa = PBXGroup;
			children = (
				687C21812AF94500008444BA /* Preview Assets.xcassets */,
			);
			path = "Preview Content";
			sourceTree = "<group>";
		};
		687C218A2AF94501008444BA /* CPBFirebaseTests */ = {
			isa = PBXGroup;
			children = (
				687C218B2AF94501008444BA /* CPBFirebaseTests.swift */,
			);
			path = CPBFirebaseTests;
			sourceTree = "<group>";
		};
		687C21942AF94501008444BA /* CPBFirebaseUITests */ = {
			isa = PBXGroup;
			children = (
				687C21952AF94501008444BA /* CPBFirebaseUITests.swift */,
				687C21972AF94501008444BA /* CPBFirebaseUITestsLaunchTests.swift */,
			);
			path = CPBFirebaseUITests;
			sourceTree = "<group>";
		};
		687C21AF2AF9483B008444BA /* Frameworks */ = {
			isa = PBXGroup;
			children = (
			);
			name = Frameworks;
			sourceTree = "<group>";
		};
/* End PBXGroup section */

/* Begin PBXNativeTarget section */
		687C21762AF944FC008444BA /* CPBFirebase */ = {
			isa = PBXNativeTarget;
			buildConfigurationList = 687C219B2AF94501008444BA /* Build configuration list for PBXNativeTarget "CPBFirebase" */;
			buildPhases = (
				687C21732AF944FC008444BA /* Sources */,
				687C21742AF944FC008444BA /* Frameworks */,
				687C21752AF944FC008444BA /* Resources */,
			);
			buildRules = (
			);
			dependencies = (
			);
			name = CPBFirebase;
			packageProductDependencies = (
				687C21B02AF9483B008444BA /* FirebaseDatabase */,
				687C21B22AF9483B008444BA /* FirebaseDatabaseSwift */,
			);
			productName = CPBFirebase;
			productReference = 687C21772AF944FC008444BA /* CPBFirebase.app */;
			productType = "com.apple.product-type.application";
		};
		687C21862AF94501008444BA /* CPBFirebaseTests */ = {
			isa = PBXNativeTarget;
			buildConfigurationList = 687C219E2AF94501008444BA /* Build configuration list for PBXNativeTarget "CPBFirebaseTests" */;
			buildPhases = (
				687C21832AF94501008444BA /* Sources */,
				687C21842AF94501008444BA /* Frameworks */,
				687C21852AF94501008444BA /* Resources */,
			);
			buildRules = (
			);
			dependencies = (
				687C21892AF94501008444BA /* PBXTargetDependency */,
			);
			name = CPBFirebaseTests;
			productName = CPBFirebaseTests;
			productReference = 687C21872AF94501008444BA /* CPBFirebaseTests.xctest */;
			productType = "com.apple.product-type.bundle.unit-test";
		};
		687C21902AF94501008444BA /* CPBFirebaseUITests */ = {
			isa = PBXNativeTarget;
			buildConfigurationList = 687C21A12AF94501008444BA /* Build configuration list for PBXNativeTarget "CPBFirebaseUITests" */;
			buildPhases = (
				687C218D2AF94501008444BA /* Sources */,
				687C218E2AF94501008444BA /* Frameworks */,
				687C218F2AF94501008444BA /* Resources */,
			);
			buildRules = (
			);
			dependencies = (
				687C21932AF94501008444BA /* PBXTargetDependency */,
			);
			name = CPBFirebaseUITests;
			productName = CPBFirebaseUITests;
			productReference = 687C21912AF94501008444BA /* CPBFirebaseUITests.xctest */;
			productType = "com.apple.product-type.bundle.ui-testing";
		};
/* End PBXNativeTarget section */

/* Begin PBXProject section */
		687C216F2AF944FC008444BA /* Project object */ = {
			isa = PBXProject;
			attributes = {
				BuildIndependentTargetsInParallel = 1;
				LastSwiftUpdateCheck = 1500;
				LastUpgradeCheck = 1500;
				TargetAttributes = {
					687C21762AF944FC008444BA = {
						CreatedOnToolsVersion = 15.0.1;
					};
					687C21862AF94501008444BA = {
						CreatedOnToolsVersion = 15.0.1;
						TestTargetID = 687C21762AF944FC008444BA;
					};
					687C21902AF94501008444BA = {
						CreatedOnToolsVersion = 15.0.1;
						TestTargetID = 687C21762AF944FC008444BA;
					};
				};
			};
			buildConfigurationList = 687C21722AF944FC008444BA /* Build configuration list for PBXProject "CPBFirebase" */;
			compatibilityVersion = "Xcode 14.0";
			developmentRegion = en;
			hasScannedForEncodings = 0;
			knownRegions = (
				en,
				Base,
			);
			mainGroup = 687C216E2AF944FC008444BA;
			packageReferences = (
				687C21AE2AF9480B008444BA /* XCRemoteSwiftPackageReference "firebase-ios-sdk" */,
			);
			productRefGroup = 687C21782AF944FC008444BA /* Products */;
			projectDirPath = "";
			projectRoot = "";
			targets = (
				687C21762AF944FC008444BA /* CPBFirebase */,
				687C21862AF94501008444BA /* CPBFirebaseTests */,
				687C21902AF94501008444BA /* CPBFirebaseUITests */,
			);
		};
/* End PBXProject section */

/* Begin PBXResourcesBuildPhase section */
		687C21752AF944FC008444BA /* Resources */ = {
			isa = PBXResourcesBuildPhase;
			buildActionMask = 2147483647;
			files = (
				687C21822AF94500008444BA /* Preview Assets.xcassets in Resources */,
				687C217F2AF94500008444BA /* Assets.xcassets in Resources */,
				687C21AB2AF946E7008444BA /* GoogleService-Info.plist in Resources */,
			);
			runOnlyForDeploymentPostprocessing = 0;
		};
		687C21852AF94501008444BA /* Resources */ = {
			isa = PBXResourcesBuildPhase;
			buildActionMask = 2147483647;
			files = (
				687C21AC2AF946E7008444BA /* GoogleService-Info.plist in Resources */,
			);
			runOnlyForDeploymentPostprocessing = 0;
		};
		687C218F2AF94501008444BA /* Resources */ = {
			isa = PBXResourcesBuildPhase;
			buildActionMask = 2147483647;
			files = (
				687C21AD2AF946E7008444BA /* GoogleService-Info.plist in Resources */,
			);
			runOnlyForDeploymentPostprocessing = 0;
		};
/* End PBXResourcesBuildPhase section */

/* Begin PBXSourcesBuildPhase section */
		687C21732AF944FC008444BA /* Sources */ = {
			isa = PBXSourcesBuildPhase;
			buildActionMask = 2147483647;
			files = (
				687C21A92AF94653008444BA /* CollegeViewmodel.swift in Sources */,
				687C217D2AF944FC008444BA /* ContentView.swift in Sources */,
				6833147C2AFE948F00243693 /* DataView.swift in Sources */,
				687C217B2AF944FC008444BA /* CPBFirebaseApp.swift in Sources */,
				687C21A72AF945FB008444BA /* CollegeModel.swift in Sources */,
			);
			runOnlyForDeploymentPostprocessing = 0;
		};
		687C21832AF94501008444BA /* Sources */ = {
			isa = PBXSourcesBuildPhase;
			buildActionMask = 2147483647;
			files = (
				687C218C2AF94501008444BA /* CPBFirebaseTests.swift in Sources */,
			);
			runOnlyForDeploymentPostprocessing = 0;
		};
		687C218D2AF94501008444BA /* Sources */ = {
			isa = PBXSourcesBuildPhase;
			buildActionMask = 2147483647;
			files = (
				687C21962AF94501008444BA /* CPBFirebaseUITests.swift in Sources */,
				687C21982AF94501008444BA /* CPBFirebaseUITestsLaunchTests.swift in Sources */,
			);
			runOnlyForDeploymentPostprocessing = 0;
		};
/* End PBXSourcesBuildPhase section */

/* Begin PBXTargetDependency section */
		687C21892AF94501008444BA /* PBXTargetDependency */ = {
			isa = PBXTargetDependency;
			target = 687C21762AF944FC008444BA /* CPBFirebase */;
			targetProxy = 687C21882AF94501008444BA /* PBXContainerItemProxy */;
		};
		687C21932AF94501008444BA /* PBXTargetDependency */ = {
			isa = PBXTargetDependency;
			target = 687C21762AF944FC008444BA /* CPBFirebase */;
			targetProxy = 687C21922AF94501008444BA /* PBXContainerItemProxy */;
		};
/* End PBXTargetDependency section */

/* Begin XCBuildConfiguration section */
		687C21992AF94501008444BA /* Debug */ = {
			isa = XCBuildConfiguration;
			buildSettings = {
				ALWAYS_SEARCH_USER_PATHS = NO;
				ASSETCATALOG_COMPILER_GENERATE_SWIFT_ASSET_SYMBOL_EXTENSIONS = YES;
				CLANG_ANALYZER_NONNULL = YES;
				CLANG_ANALYZER_NUMBER_OBJECT_CONVERSION = YES_AGGRESSIVE;
				CLANG_CXX_LANGUAGE_STANDARD = "gnu++20";
				CLANG_ENABLE_MODULES = YES;
				CLANG_ENABLE_OBJC_ARC = YES;
				CLANG_ENABLE_OBJC_WEAK = YES;
				CLANG_WARN_BLOCK_CAPTURE_AUTORELEASING = YES;
				CLANG_WARN_BOOL_CONVERSION = YES;
				CLANG_WARN_COMMA = YES;
				CLANG_WARN_CONSTANT_CONVERSION = YES;
				CLANG_WARN_DEPRECATED_OBJC_IMPLEMENTATIONS = YES;
				CLANG_WARN_DIRECT_OBJC_ISA_USAGE = YES_ERROR;
				CLANG_WARN_DOCUMENTATION_COMMENTS = YES;
				CLANG_WARN_EMPTY_BODY = YES;
				CLANG_WARN_ENUM_CONVERSION = YES;
				CLANG_WARN_INFINITE_RECURSION = YES;
				CLANG_WARN_INT_CONVERSION = YES;
				CLANG_WARN_NON_LITERAL_NULL_CONVERSION = YES;
				CLANG_WARN_OBJC_IMPLICIT_RETAIN_SELF = YES;
				CLANG_WARN_OBJC_LITERAL_CONVERSION = YES;
				CLANG_WARN_OBJC_ROOT_CLASS = YES_ERROR;
				CLANG_WARN_QUOTED_INCLUDE_IN_FRAMEWORK_HEADER = YES;
				CLANG_WARN_RANGE_LOOP_ANALYSIS = YES;
				CLANG_WARN_STRICT_PROTOTYPES = YES;
				CLANG_WARN_SUSPICIOUS_MOVE = YES;
				CLANG_WARN_UNGUARDED_AVAILABILITY = YES_AGGRESSIVE;
				CLANG_WARN_UNREACHABLE_CODE = YES;
				CLANG_WARN__DUPLICATE_METHOD_MATCH = YES;
				COPY_PHASE_STRIP = NO;
				DEBUG_INFORMATION_FORMAT = dwarf;
				ENABLE_STRICT_OBJC_MSGSEND = YES;
				ENABLE_TESTABILITY = YES;
				ENABLE_USER_SCRIPT_SANDBOXING = YES;
				GCC_C_LANGUAGE_STANDARD = gnu17;
				GCC_DYNAMIC_NO_PIC = NO;
				GCC_NO_COMMON_BLOCKS = YES;
				GCC_OPTIMIZATION_LEVEL = 0;
				GCC_PREPROCESSOR_DEFINITIONS = (
					"DEBUG=1",
					"$(inherited)",
				);
				GCC_WARN_64_TO_32_BIT_CONVERSION = YES;
				GCC_WARN_ABOUT_RETURN_TYPE = YES_ERROR;
				GCC_WARN_UNDECLARED_SELECTOR = YES;
				GCC_WARN_UNINITIALIZED_AUTOS = YES_AGGRESSIVE;
				GCC_WARN_UNUSED_FUNCTION = YES;
				GCC_WARN_UNUSED_VARIABLE = YES;
				IPHONEOS_DEPLOYMENT_TARGET = 17.0;
				LOCALIZATION_PREFERS_STRING_CATALOGS = YES;
				MTL_ENABLE_DEBUG_INFO = INCLUDE_SOURCE;
				MTL_FAST_MATH = YES;
				ONLY_ACTIVE_ARCH = YES;
				SDKROOT = iphoneos;
				SWIFT_ACTIVE_COMPILATION_CONDITIONS = "DEBUG $(inherited)";
				SWIFT_OPTIMIZATION_LEVEL = "-Onone";
			};
			name = Debug;
		};
		687C219A2AF94501008444BA /* Release */ = {
			isa = XCBuildConfiguration;
			buildSettings = {
				ALWAYS_SEARCH_USER_PATHS = NO;
				ASSETCATALOG_COMPILER_GENERATE_SWIFT_ASSET_SYMBOL_EXTENSIONS = YES;
				CLANG_ANALYZER_NONNULL = YES;
				CLANG_ANALYZER_NUMBER_OBJECT_CONVERSION = YES_AGGRESSIVE;
				CLANG_CXX_LANGUAGE_STANDARD = "gnu++20";
				CLANG_ENABLE_MODULES = YES;
				CLANG_ENABLE_OBJC_ARC = YES;
				CLANG_ENABLE_OBJC_WEAK = YES;
				CLANG_WARN_BLOCK_CAPTURE_AUTORELEASING = YES;
				CLANG_WARN_BOOL_CONVERSION = YES;
				CLANG_WARN_COMMA = YES;
				CLANG_WARN_CONSTANT_CONVERSION = YES;
				CLANG_WARN_DEPRECATED_OBJC_IMPLEMENTATIONS = YES;
				CLANG_WARN_DIRECT_OBJC_ISA_USAGE = YES_ERROR;
				CLANG_WARN_DOCUMENTATION_COMMENTS = YES;
				CLANG_WARN_EMPTY_BODY = YES;
				CLANG_WARN_ENUM_CONVERSION = YES;
				CLANG_WARN_INFINITE_RECURSION = YES;
				CLANG_WARN_INT_CONVERSION = YES;
				CLANG_WARN_NON_LITERAL_NULL_CONVERSION = YES;
				CLANG_WARN_OBJC_IMPLICIT_RETAIN_SELF = YES;
				CLANG_WARN_OBJC_LITERAL_CONVERSION = YES;
				CLANG_WARN_OBJC_ROOT_CLASS = YES_ERROR;
				CLANG_WARN_QUOTED_INCLUDE_IN_FRAMEWORK_HEADER = YES;
				CLANG_WARN_RANGE_LOOP_ANALYSIS = YES;
				CLANG_WARN_STRICT_PROTOTYPES = YES;
				CLANG_WARN_SUSPICIOUS_MOVE = YES;
				CLANG_WARN_UNGUARDED_AVAILABILITY = YES_AGGRESSIVE;
				CLANG_WARN_UNREACHABLE_CODE = YES;
				CLANG_WARN__DUPLICATE_METHOD_MATCH = YES;
				COPY_PHASE_STRIP = NO;
				DEBUG_INFORMATION_FORMAT = "dwarf-with-dsym";
				ENABLE_NS_ASSERTIONS = NO;
				ENABLE_STRICT_OBJC_MSGSEND = YES;
				ENABLE_USER_SCRIPT_SANDBOXING = YES;
				GCC_C_LANGUAGE_STANDARD = gnu17;
				GCC_NO_COMMON_BLOCKS = YES;
				GCC_WARN_64_TO_32_BIT_CONVERSION = YES;
				GCC_WARN_ABOUT_RETURN_TYPE = YES_ERROR;
				GCC_WARN_UNDECLARED_SELECTOR = YES;
				GCC_WARN_UNINITIALIZED_AUTOS = YES_AGGRESSIVE;
				GCC_WARN_UNUSED_FUNCTION = YES;
				GCC_WARN_UNUSED_VARIABLE = YES;
				IPHONEOS_DEPLOYMENT_TARGET = 17.0;
				LOCALIZATION_PREFERS_STRING_CATALOGS = YES;
				MTL_ENABLE_DEBUG_INFO = NO;
				MTL_FAST_MATH = YES;
				SDKROOT = iphoneos;
				SWIFT_COMPILATION_MODE = wholemodule;
				VALIDATE_PRODUCT = YES;
			};
			name = Release;
		};
		687C219C2AF94501008444BA /* Debug */ = {
			isa = XCBuildConfiguration;
			buildSettings = {
				ASSETCATALOG_COMPILER_APPICON_NAME = AppIcon;
				ASSETCATALOG_COMPILER_GLOBAL_ACCENT_COLOR_NAME = AccentColor;
				CODE_SIGN_STYLE = Automatic;
				CURRENT_PROJECT_VERSION = 1;
				DEVELOPMENT_ASSET_PATHS = "\"CPBFirebase/Preview Content\"";
				ENABLE_PREVIEWS = YES;
				GENERATE_INFOPLIST_FILE = YES;
				INFOPLIST_KEY_UIApplicationSceneManifest_Generation = YES;
				INFOPLIST_KEY_UIApplicationSupportsIndirectInputEvents = YES;
				INFOPLIST_KEY_UILaunchScreen_Generation = YES;
				INFOPLIST_KEY_UISupportedInterfaceOrientations_iPad = "UIInterfaceOrientationPortrait UIInterfaceOrientationPortraitUpsideDown UIInterfaceOrientationLandscapeLeft UIInterfaceOrientationLandscapeRight";
				INFOPLIST_KEY_UISupportedInterfaceOrientations_iPhone = "UIInterfaceOrientationPortrait UIInterfaceOrientationLandscapeLeft UIInterfaceOrientationLandscapeRight";
				LD_RUNPATH_SEARCH_PATHS = (
					"$(inherited)",
					"@executable_path/Frameworks",
				);
				MARKETING_VERSION = 1.0;
				PRODUCT_BUNDLE_IDENTIFIER = jhoward4199.CPBFirebase;
				PRODUCT_NAME = "$(TARGET_NAME)";
				SWIFT_EMIT_LOC_STRINGS = YES;
				SWIFT_VERSION = 5.0;
				TARGETED_DEVICE_FAMILY = "1,2";
			};
			name = Debug;
		};
		687C219D2AF94501008444BA /* Release */ = {
			isa = XCBuildConfiguration;
			buildSettings = {
				ASSETCATALOG_COMPILER_APPICON_NAME = AppIcon;
				ASSETCATALOG_COMPILER_GLOBAL_ACCENT_COLOR_NAME = AccentColor;
				CODE_SIGN_STYLE = Automatic;
				CURRENT_PROJECT_VERSION = 1;
				DEVELOPMENT_ASSET_PATHS = "\"CPBFirebase/Preview Content\"";
				ENABLE_PREVIEWS = YES;
				GENERATE_INFOPLIST_FILE = YES;
				INFOPLIST_KEY_UIApplicationSceneManifest_Generation = YES;
				INFOPLIST_KEY_UIApplicationSupportsIndirectInputEvents = YES;
				INFOPLIST_KEY_UILaunchScreen_Generation = YES;
				INFOPLIST_KEY_UISupportedInterfaceOrientations_iPad = "UIInterfaceOrientationPortrait UIInterfaceOrientationPortraitUpsideDown UIInterfaceOrientationLandscapeLeft UIInterfaceOrientationLandscapeRight";
				INFOPLIST_KEY_UISupportedInterfaceOrientations_iPhone = "UIInterfaceOrientationPortrait UIInterfaceOrientationLandscapeLeft UIInterfaceOrientationLandscapeRight";
				LD_RUNPATH_SEARCH_PATHS = (
					"$(inherited)",
					"@executable_path/Frameworks",
				);
				MARKETING_VERSION = 1.0;
				PRODUCT_BUNDLE_IDENTIFIER = jhoward4199.CPBFirebase;
				PRODUCT_NAME = "$(TARGET_NAME)";
				SWIFT_EMIT_LOC_STRINGS = YES;
				SWIFT_VERSION = 5.0;
				TARGETED_DEVICE_FAMILY = "1,2";
			};
			name = Release;
		};
		687C219F2AF94501008444BA /* Debug */ = {
			isa = XCBuildConfiguration;
			buildSettings = {
				ALWAYS_EMBED_SWIFT_STANDARD_LIBRARIES = YES;
				BUNDLE_LOADER = "$(TEST_HOST)";
				CODE_SIGN_STYLE = Automatic;
				CURRENT_PROJECT_VERSION = 1;
				GENERATE_INFOPLIST_FILE = YES;
				IPHONEOS_DEPLOYMENT_TARGET = 17.0;
				MARKETING_VERSION = 1.0;
				PRODUCT_BUNDLE_IDENTIFIER = jhoward4199.CPBFirebaseTests;
				PRODUCT_NAME = "$(TARGET_NAME)";
				SWIFT_EMIT_LOC_STRINGS = NO;
				SWIFT_VERSION = 5.0;
				TARGETED_DEVICE_FAMILY = "1,2";
				TEST_HOST = "$(BUILT_PRODUCTS_DIR)/CPBFirebase.app/$(BUNDLE_EXECUTABLE_FOLDER_PATH)/CPBFirebase";
			};
			name = Debug;
		};
		687C21A02AF94501008444BA /* Release */ = {
			isa = XCBuildConfiguration;
			buildSettings = {
				ALWAYS_EMBED_SWIFT_STANDARD_LIBRARIES = YES;
				BUNDLE_LOADER = "$(TEST_HOST)";
				CODE_SIGN_STYLE = Automatic;
				CURRENT_PROJECT_VERSION = 1;
				GENERATE_INFOPLIST_FILE = YES;
				IPHONEOS_DEPLOYMENT_TARGET = 17.0;
				MARKETING_VERSION = 1.0;
				PRODUCT_BUNDLE_IDENTIFIER = jhoward4199.CPBFirebaseTests;
				PRODUCT_NAME = "$(TARGET_NAME)";
				SWIFT_EMIT_LOC_STRINGS = NO;
				SWIFT_VERSION = 5.0;
				TARGETED_DEVICE_FAMILY = "1,2";
				TEST_HOST = "$(BUILT_PRODUCTS_DIR)/CPBFirebase.app/$(BUNDLE_EXECUTABLE_FOLDER_PATH)/CPBFirebase";
			};
			name = Release;
		};
		687C21A22AF94501008444BA /* Debug */ = {
			isa = XCBuildConfiguration;
			buildSettings = {
				ALWAYS_EMBED_SWIFT_STANDARD_LIBRARIES = YES;
				CODE_SIGN_STYLE = Automatic;
				CURRENT_PROJECT_VERSION = 1;
				GENERATE_INFOPLIST_FILE = YES;
				MARKETING_VERSION = 1.0;
				PRODUCT_BUNDLE_IDENTIFIER = jhoward4199.CPBFirebaseUITests;
				PRODUCT_NAME = "$(TARGET_NAME)";
				SWIFT_EMIT_LOC_STRINGS = NO;
				SWIFT_VERSION = 5.0;
				TARGETED_DEVICE_FAMILY = "1,2";
				TEST_TARGET_NAME = CPBFirebase;
			};
			name = Debug;
		};
		687C21A32AF94501008444BA /* Release */ = {
			isa = XCBuildConfiguration;
			buildSettings = {
				ALWAYS_EMBED_SWIFT_STANDARD_LIBRARIES = YES;
				CODE_SIGN_STYLE = Automatic;
				CURRENT_PROJECT_VERSION = 1;
				GENERATE_INFOPLIST_FILE = YES;
				MARKETING_VERSION = 1.0;
				PRODUCT_BUNDLE_IDENTIFIER = jhoward4199.CPBFirebaseUITests;
				PRODUCT_NAME = "$(TARGET_NAME)";
				SWIFT_EMIT_LOC_STRINGS = NO;
				SWIFT_VERSION = 5.0;
				TARGETED_DEVICE_FAMILY = "1,2";
				TEST_TARGET_NAME = CPBFirebase;
			};
			name = Release;
		};
/* End XCBuildConfiguration section */

/* Begin XCConfigurationList section */
		687C21722AF944FC008444BA /* Build configuration list for PBXProject "CPBFirebase" */ = {
			isa = XCConfigurationList;
			buildConfigurations = (
				687C21992AF94501008444BA /* Debug */,
				687C219A2AF94501008444BA /* Release */,
			);
			defaultConfigurationIsVisible = 0;
			defaultConfigurationName = Release;
		};
		687C219B2AF94501008444BA /* Build configuration list for PBXNativeTarget "CPBFirebase" */ = {
			isa = XCConfigurationList;
			buildConfigurations = (
				687C219C2AF94501008444BA /* Debug */,
				687C219D2AF94501008444BA /* Release */,
			);
			defaultConfigurationIsVisible = 0;
			defaultConfigurationName = Release;
		};
		687C219E2AF94501008444BA /* Build configuration list for PBXNativeTarget "CPBFirebaseTests" */ = {
			isa = XCConfigurationList;
			buildConfigurations = (
				687C219F2AF94501008444BA /* Debug */,
				687C21A02AF94501008444BA /* Release */,
			);
			defaultConfigurationIsVisible = 0;
			defaultConfigurationName = Release;
		};
		687C21A12AF94501008444BA /* Build configuration list for PBXNativeTarget "CPBFirebaseUITests" */ = {
			isa = XCConfigurationList;
			buildConfigurations = (
				687C21A22AF94501008444BA /* Debug */,
				687C21A32AF94501008444BA /* Release */,
			);
			defaultConfigurationIsVisible = 0;
			defaultConfigurationName = Release;
		};
/* End XCConfigurationList section */

/* Begin XCRemoteSwiftPackageReference section */
		687C21AE2AF9480B008444BA /* XCRemoteSwiftPackageReference "firebase-ios-sdk" */ = {
			isa = XCRemoteSwiftPackageReference;
			repositoryURL = "https://github.com/firebase/firebase-ios-sdk";
			requirement = {
				kind = upToNextMajorVersion;
				minimumVersion = 10.17.0;
			};
		};
/* End XCRemoteSwiftPackageReference section */

/* Begin XCSwiftPackageProductDependency section */
		687C21B02AF9483B008444BA /* FirebaseDatabase */ = {
			isa = XCSwiftPackageProductDependency;
			package = 687C21AE2AF9480B008444BA /* XCRemoteSwiftPackageReference "firebase-ios-sdk" */;
			productName = FirebaseDatabase;
		};
		687C21B22AF9483B008444BA /* FirebaseDatabaseSwift */ = {
			isa = XCSwiftPackageProductDependency;
			package = 687C21AE2AF9480B008444BA /* XCRemoteSwiftPackageReference "firebase-ios-sdk" */;
			productName = FirebaseDatabaseSwift;
		};
/* End XCSwiftPackageProductDependency section */
	};
	rootObject = 687C216F2AF944FC008444BA /* Project object */;
}
